
Microsoft Visual Studio Solution File, Format Version 12.00
# Visual Studio Version 17
VisualStudioVersion = 17.1.32319.34
MinimumVisualStudioVersion = 10.0.40219.1
Project("{9A19103F-16F7-4668-BE54-9A1E7A4F7556}") = "IO.KnowledgeSharingPlatform.Core", "IO.KnowledgeSharingPlatform.Core\IO.KnowledgeSharingPlatform.Core.csproj", "{4AF050A7-1268-4662-978F-D729AE094491}"
EndProject
Project("{9A19103F-16F7-4668-BE54-9A1E7A4F7556}") = "IO.KnowledgeSharingPlatform.Application", "IO.KnowledgeSharingPlatform.Application\IO.KnowledgeSharingPlatform.Application.csproj", "{2D360C1D-C476-42B3-9050-2B0911E24896}"
EndProject
Project("{9A19103F-16F7-4668-BE54-9A1E7A4F7556}") = "IO.KnowledgeSharingPlatform.Infrastructure", "IO.KnowledgeSharingPlatform.Infrastructure\IO.KnowledgeSharingPlatform.Infrastructure.csproj", "{A272067F-40B5-4798-AF54-07902A5B85F4}"
EndProject
Project("{9A19103F-16F7-4668-BE54-9A1E7A4F7556}") = "IO.KnowledgeSharingPlatform.API", "IO.KnowledgeSharingPlatform.API\IO.KnowledgeSharingPlatform.API.csproj", "{F01B6484-B0E8-49DB-AFE3-599787AEDF8C}"
EndProject
Project("{2150E333-8FDC-42A3-9474-1A3956D46DE8}") = "Tests", "Tests", "{BE8FA1FB-42F8-4543-BE2C-0C5330A5F75D}"
EndProject
Project("{FAE04EC0-301F-11D3-BF4B-00C04F79EFBC}") = "IO.KnowledgeSharingPlatform.Application.UnitTests", "IO.KnowledgeSharingPlatform.Application.UnitTests\IO.KnowledgeSharingPlatform.Application.UnitTests.csproj", "{BBB00644-9415-4B15-ACC5-2700D9CE6BB2}"
EndProject
Global
	GlobalSection(SolutionConfigurationPlatforms) = preSolution
		Debug|Any CPU = Debug|Any CPU
		Release|Any CPU = Release|Any CPU
	EndGlobalSection
	GlobalSection(ProjectConfigurationPlatforms) = postSolution
		{4AF050A7-1268-4662-978F-D729AE094491}.Debug|Any CPU.ActiveCfg = Debug|Any CPU
		{4AF050A7-1268-4662-978F-D729AE094491}.Debug|Any CPU.Build.0 = Debug|Any CPU
		{4AF050A7-1268-4662-978F-D729AE094491}.Release|Any CPU.ActiveCfg = Release|Any CPU
		{4AF050A7-1268-4662-978F-D729AE094491}.Release|Any CPU.Build.0 = Release|Any CPU
		{2D360C1D-C476-42B3-9050-2B0911E24896}.Debug|Any CPU.ActiveCfg = Debug|Any CPU
		{2D360C1D-C476-42B3-9050-2B0911E24896}.Debug|Any CPU.Build.0 = Debug|Any CPU
		{2D360C1D-C476-42B3-9050-2B0911E24896}.Release|Any CPU.ActiveCfg = Release|Any CPU
		{2D360C1D-C476-42B3-9050-2B0911E24896}.Release|Any CPU.Build.0 = Release|Any CPU
		{A272067F-40B5-4798-AF54-07902A5B85F4}.Debug|Any CPU.ActiveCfg = Debug|Any CPU
		{A272067F-40B5-4798-AF54-07902A5B85F4}.Debug|Any CPU.Build.0 = Debug|Any CPU
		{A272067F-40B5-4798-AF54-07902A5B85F4}.Release|Any CPU.ActiveCfg = Release|Any CPU
		{A272067F-40B5-4798-AF54-07902A5B85F4}.Release|Any CPU.Build.0 = Release|Any CPU
		{F01B6484-B0E8-49DB-AFE3-599787AEDF8C}.Debug|Any CPU.ActiveCfg = Debug|Any CPU
		{F01B6484-B0E8-49DB-AFE3-599787AEDF8C}.Debug|Any CPU.Build.0 = Debug|Any CPU
		{F01B6484-B0E8-49DB-AFE3-599787AEDF8C}.Release|Any CPU.ActiveCfg = Release|Any CPU
		{F01B6484-B0E8-49DB-AFE3-599787AEDF8C}.Release|Any CPU.Build.0 = Release|Any CPU
		{BBB00644-9415-4B15-ACC5-2700D9CE6BB2}.Debug|Any CPU.ActiveCfg = Debug|Any CPU
		{BBB00644-9415-4B15-ACC5-2700D9CE6BB2}.Debug|Any CPU.Build.0 = Debug|Any CPU
		{BBB00644-9415-4B15-ACC5-2700D9CE6BB2}.Release|Any CPU.ActiveCfg = Release|Any CPU
		{BBB00644-9415-4B15-ACC5-2700D9CE6BB2}.Release|Any CPU.Build.0 = Release|Any CPU
	EndGlobalSection
	GlobalSection(SolutionProperties) = preSolution
		HideSolutionNode = FALSE
	EndGlobalSection
	GlobalSection(NestedProjects) = preSolution
		{BBB00644-9415-4B15-ACC5-2700D9CE6BB2} = {BE8FA1FB-42F8-4543-BE2C-0C5330A5F75D}
	EndGlobalSection
	GlobalSection(ExtensibilityGlobals) = postSolution
		SolutionGuid = {9D199B4F-D52A-41BF-9E4E-A2FFF10E7738}
	EndGlobalSection
EndGlobal
